
Microsoft Visual Studio Solution File, Format Version 12.00
Project("{2150E333-8FDC-42A3-9474-1A3956D46DE8}") = "Lesson_01", "Lesson_01", "{1B66C653-FD85-4741-BD7D-F666EEA222FE}"
EndProject
Project("{FAE04EC0-301F-11D3-BF4B-00C04F79EFBC}") = "Example_1", "Example_1\Example_1.csproj", "{7AF71AC9-BDFC-49A7-8EE0-E693BC7C2142}"
EndProject
Project("{FAE04EC0-301F-11D3-BF4B-00C04F79EFBC}") = "Example_2", "Example_2\Example_2.csproj", "{0BFEDB48-1A05-4F02-92F2-1928F098C2E0}"
EndProject
Global
	GlobalSection(SolutionConfigurationPlatforms) = preSolution
		Debug|Any CPU = Debug|Any CPU
		Release|Any CPU = Release|Any CPU
	EndGlobalSection
	GlobalSection(ProjectConfigurationPlatforms) = postSolution
		{7AF71AC9-BDFC-49A7-8EE0-E693BC7C2142}.Debug|Any CPU.ActiveCfg = Debug|Any CPU
		{7AF71AC9-BDFC-49A7-8EE0-E693BC7C2142}.Debug|Any CPU.Build.0 = Debug|Any CPU
		{7AF71AC9-BDFC-49A7-8EE0-E693BC7C2142}.Release|Any CPU.ActiveCfg = Release|Any CPU
		{7AF71AC9-BDFC-49A7-8EE0-E693BC7C2142}.Release|Any CPU.Build.0 = Release|Any CPU
		{0BFEDB48-1A05-4F02-92F2-1928F098C2E0}.Debug|Any CPU.ActiveCfg = Debug|Any CPU
		{0BFEDB48-1A05-4F02-92F2-1928F098C2E0}.Debug|Any CPU.Build.0 = Debug|Any CPU
		{0BFEDB48-1A05-4F02-92F2-1928F098C2E0}.Release|Any CPU.ActiveCfg = Release|Any CPU
		{0BFEDB48-1A05-4F02-92F2-1928F098C2E0}.Release|Any CPU.Build.0 = Release|Any CPU
	EndGlobalSection
	GlobalSection(NestedProjects) = preSolution
		{7AF71AC9-BDFC-49A7-8EE0-E693BC7C2142} = {1B66C653-FD85-4741-BD7D-F666EEA222FE}
		{0BFEDB48-1A05-4F02-92F2-1928F098C2E0} = {1B66C653-FD85-4741-BD7D-F666EEA222FE}
	EndGlobalSection
EndGlobal
